
Microsoft Visual Studio Solution File, Format Version 12.00
# Visual Studio Version 17
VisualStudioVersion = 17.9.34723.18
MinimumVisualStudioVersion = 10.0.40219.1
Project("{FAE04EC0-301F-11D3-BF4B-00C04F79EFBC}") = "FinalExam", "FinalExam\FinalExam.csproj", "{12402317-738A-489D-87E1-0A30FFB6B158}"
EndProject
Global
	GlobalSection(SolutionConfigurationPlatforms) = preSolution
		Debug|Any CPU = Debug|Any CPU
		Release|Any CPU = Release|Any CPU
	EndGlobalSection
	GlobalSection(ProjectConfigurationPlatforms) = postSolution
		{12402317-738A-489D-87E1-0A30FFB6B158}.Debug|Any CPU.ActiveCfg = Debug|Any CPU
		{12402317-738A-489D-87E1-0A30FFB6B158}.Debug|Any CPU.Build.0 = Debug|Any CPU
		{12402317-738A-489D-87E1-0A30FFB6B158}.Release|Any CPU.ActiveCfg = Release|Any CPU
		{12402317-738A-489D-87E1-0A30FFB6B158}.Release|Any CPU.Build.0 = Release|Any CPU
	EndGlobalSection
	GlobalSection(SolutionProperties) = preSolution
		HideSolutionNode = FALSE
	EndGlobalSection
	GlobalSection(ExtensibilityGlobals) = postSolution
		SolutionGuid = {035606AB-991E-4AF6-B20B-F44683B79F63}
	EndGlobalSection
EndGlobal
